
Microsoft Visual Studio Solution File, Format Version 12.00
# Visual Studio 2012
Project("{8BC9CEB8-8B4A-11D0-8D11-00A0C91BC942}") = "买文具", "买文具\买文具.vcxproj", "{AF9CD4F6-B1CB-4E1A-B5EC-4CD70D58F7C3}"
EndProject
Global
	GlobalSection(SolutionConfigurationPlatforms) = preSolution
		Debug|Win32 = Debug|Win32
		Release|Win32 = Release|Win32
	EndGlobalSection
	GlobalSection(ProjectConfigurationPlatforms) = postSolution
		{AF9CD4F6-B1CB-4E1A-B5EC-4CD70D58F7C3}.Debug|Win32.ActiveCfg = Debug|Win32
		{AF9CD4F6-B1CB-4E1A-B5EC-4CD70D58F7C3}.Debug|Win32.Build.0 = Debug|Win32
		{AF9CD4F6-B1CB-4E1A-B5EC-4CD70D58F7C3}.Release|Win32.ActiveCfg = Release|Win32
		{AF9CD4F6-B1CB-4E1A-B5EC-4CD70D58F7C3}.Release|Win32.Build.0 = Release|Win32
	EndGlobalSection
	GlobalSection(SolutionProperties) = preSolution
		HideSolutionNode = FALSE
	EndGlobalSection
EndGlobal
