
Microsoft Visual Studio Solution File, Format Version 12.00
# Visual Studio 2012
Project("{8BC9CEB8-8B4A-11D0-8D11-00A0C91BC942}") = "接水问题1", "接水问题1\接水问题1.vcxproj", "{69F34F40-E90E-4F8A-87E8-45282D7E5F35}"
EndProject
Global
	GlobalSection(SolutionConfigurationPlatforms) = preSolution
		Debug|Win32 = Debug|Win32
		Release|Win32 = Release|Win32
	EndGlobalSection
	GlobalSection(ProjectConfigurationPlatforms) = postSolution
		{69F34F40-E90E-4F8A-87E8-45282D7E5F35}.Debug|Win32.ActiveCfg = Debug|Win32
		{69F34F40-E90E-4F8A-87E8-45282D7E5F35}.Debug|Win32.Build.0 = Debug|Win32
		{69F34F40-E90E-4F8A-87E8-45282D7E5F35}.Release|Win32.ActiveCfg = Release|Win32
		{69F34F40-E90E-4F8A-87E8-45282D7E5F35}.Release|Win32.Build.0 = Release|Win32
	EndGlobalSection
	GlobalSection(SolutionProperties) = preSolution
		HideSolutionNode = FALSE
	EndGlobalSection
EndGlobal
