
Microsoft Visual Studio Solution File, Format Version 12.00
# Visual Studio 2012
Project("{8BC9CEB8-8B4A-11D0-8D11-00A0C91BC942}") = "ISBN号码", "ISBN号码\ISBN号码.vcxproj", "{938625B3-7CAA-492D-A67B-49B4B525A516}"
EndProject
Global
	GlobalSection(SolutionConfigurationPlatforms) = preSolution
		Debug|Win32 = Debug|Win32
		Release|Win32 = Release|Win32
	EndGlobalSection
	GlobalSection(ProjectConfigurationPlatforms) = postSolution
		{938625B3-7CAA-492D-A67B-49B4B525A516}.Debug|Win32.ActiveCfg = Debug|Win32
		{938625B3-7CAA-492D-A67B-49B4B525A516}.Debug|Win32.Build.0 = Debug|Win32
		{938625B3-7CAA-492D-A67B-49B4B525A516}.Release|Win32.ActiveCfg = Release|Win32
		{938625B3-7CAA-492D-A67B-49B4B525A516}.Release|Win32.Build.0 = Release|Win32
	EndGlobalSection
	GlobalSection(SolutionProperties) = preSolution
		HideSolutionNode = FALSE
	EndGlobalSection
EndGlobal
