
Microsoft Visual Studio Solution File, Format Version 12.00
# Visual Studio 2012
Project("{8BC9CEB8-8B4A-11D0-8D11-00A0C91BC942}") = "级数求和", "级数求和\级数求和.vcxproj", "{7B71B61C-8AA2-4066-AF8F-65BF2B39EB8C}"
EndProject
Global
	GlobalSection(SolutionConfigurationPlatforms) = preSolution
		Debug|Win32 = Debug|Win32
		Release|Win32 = Release|Win32
	EndGlobalSection
	GlobalSection(ProjectConfigurationPlatforms) = postSolution
		{7B71B61C-8AA2-4066-AF8F-65BF2B39EB8C}.Debug|Win32.ActiveCfg = Debug|Win32
		{7B71B61C-8AA2-4066-AF8F-65BF2B39EB8C}.Debug|Win32.Build.0 = Debug|Win32
		{7B71B61C-8AA2-4066-AF8F-65BF2B39EB8C}.Release|Win32.ActiveCfg = Release|Win32
		{7B71B61C-8AA2-4066-AF8F-65BF2B39EB8C}.Release|Win32.Build.0 = Release|Win32
	EndGlobalSection
	GlobalSection(SolutionProperties) = preSolution
		HideSolutionNode = FALSE
	EndGlobalSection
EndGlobal
