
Microsoft Visual Studio Solution File, Format Version 12.00
# Visual Studio 2012
Project("{8BC9CEB8-8B4A-11D0-8D11-00A0C91BC942}") = "电费", "电费\电费.vcxproj", "{60590531-1339-462C-8E85-52734F72BE41}"
EndProject
Global
	GlobalSection(SolutionConfigurationPlatforms) = preSolution
		Debug|Win32 = Debug|Win32
		Release|Win32 = Release|Win32
	EndGlobalSection
	GlobalSection(ProjectConfigurationPlatforms) = postSolution
		{60590531-1339-462C-8E85-52734F72BE41}.Debug|Win32.ActiveCfg = Debug|Win32
		{60590531-1339-462C-8E85-52734F72BE41}.Debug|Win32.Build.0 = Debug|Win32
		{60590531-1339-462C-8E85-52734F72BE41}.Release|Win32.ActiveCfg = Release|Win32
		{60590531-1339-462C-8E85-52734F72BE41}.Release|Win32.Build.0 = Release|Win32
	EndGlobalSection
	GlobalSection(SolutionProperties) = preSolution
		HideSolutionNode = FALSE
	EndGlobalSection
EndGlobal
