
Microsoft Visual Studio Solution File, Format Version 12.00
# Visual Studio 2012
Project("{8BC9CEB8-8B4A-11D0-8D11-00A0C91BC942}") = "储蓄计划", "储蓄计划\储蓄计划.vcxproj", "{40C7B665-5AE6-4F36-8575-CCA9BCF09770}"
EndProject
Global
	GlobalSection(SolutionConfigurationPlatforms) = preSolution
		Debug|Win32 = Debug|Win32
		Release|Win32 = Release|Win32
	EndGlobalSection
	GlobalSection(ProjectConfigurationPlatforms) = postSolution
		{40C7B665-5AE6-4F36-8575-CCA9BCF09770}.Debug|Win32.ActiveCfg = Debug|Win32
		{40C7B665-5AE6-4F36-8575-CCA9BCF09770}.Debug|Win32.Build.0 = Debug|Win32
		{40C7B665-5AE6-4F36-8575-CCA9BCF09770}.Release|Win32.ActiveCfg = Release|Win32
		{40C7B665-5AE6-4F36-8575-CCA9BCF09770}.Release|Win32.Build.0 = Release|Win32
	EndGlobalSection
	GlobalSection(SolutionProperties) = preSolution
		HideSolutionNode = FALSE
	EndGlobalSection
EndGlobal
