
Microsoft Visual Studio Solution File, Format Version 12.00
# Visual Studio 2012
Project("{8BC9CEB8-8B4A-11D0-8D11-00A0C91BC942}") = "游泳步数", "游泳步数\游泳步数.vcxproj", "{D8B9467E-7A7B-40B7-BF5F-44E98CEE38F1}"
EndProject
Global
	GlobalSection(SolutionConfigurationPlatforms) = preSolution
		Debug|Win32 = Debug|Win32
		Release|Win32 = Release|Win32
	EndGlobalSection
	GlobalSection(ProjectConfigurationPlatforms) = postSolution
		{D8B9467E-7A7B-40B7-BF5F-44E98CEE38F1}.Debug|Win32.ActiveCfg = Debug|Win32
		{D8B9467E-7A7B-40B7-BF5F-44E98CEE38F1}.Debug|Win32.Build.0 = Debug|Win32
		{D8B9467E-7A7B-40B7-BF5F-44E98CEE38F1}.Release|Win32.ActiveCfg = Release|Win32
		{D8B9467E-7A7B-40B7-BF5F-44E98CEE38F1}.Release|Win32.Build.0 = Release|Win32
	EndGlobalSection
	GlobalSection(SolutionProperties) = preSolution
		HideSolutionNode = FALSE
	EndGlobalSection
EndGlobal
